
Microsoft Visual Studio Solution File, Format Version 12.00
# Visual Studio Version 17
VisualStudioVersion = 17.3.32929.385
MinimumVisualStudioVersion = 10.0.40219.1
Project("{FAE04EC0-301F-11D3-BF4B-00C04F79EFBC}") = "Pr_Test", "Pr_Test.csproj", "{BBCC4BCB-1A06-4853-B3EA-5C3D1732AE92}"
EndProject
Project("{FAE04EC0-301F-11D3-BF4B-00C04F79EFBC}") = "Pr_Test.TEST2", "..\Pr_Test.TEST2\Pr_Test.TEST2.csproj", "{87BF4B87-B9D2-444A-A0F1-C6A0475FDDF0}"
EndProject
Global
	GlobalSection(SolutionConfigurationPlatforms) = preSolution
		Debug|Any CPU = Debug|Any CPU
		Release|Any CPU = Release|Any CPU
	EndGlobalSection
	GlobalSection(ProjectConfigurationPlatforms) = postSolution
		{BBCC4BCB-1A06-4853-B3EA-5C3D1732AE92}.Debug|Any CPU.ActiveCfg = Debug|Any CPU
		{BBCC4BCB-1A06-4853-B3EA-5C3D1732AE92}.Debug|Any CPU.Build.0 = Debug|Any CPU
		{BBCC4BCB-1A06-4853-B3EA-5C3D1732AE92}.Release|Any CPU.ActiveCfg = Release|Any CPU
		{BBCC4BCB-1A06-4853-B3EA-5C3D1732AE92}.Release|Any CPU.Build.0 = Release|Any CPU
		{87BF4B87-B9D2-444A-A0F1-C6A0475FDDF0}.Debug|Any CPU.ActiveCfg = Debug|Any CPU
		{87BF4B87-B9D2-444A-A0F1-C6A0475FDDF0}.Debug|Any CPU.Build.0 = Debug|Any CPU
		{87BF4B87-B9D2-444A-A0F1-C6A0475FDDF0}.Release|Any CPU.ActiveCfg = Release|Any CPU
		{87BF4B87-B9D2-444A-A0F1-C6A0475FDDF0}.Release|Any CPU.Build.0 = Release|Any CPU
	EndGlobalSection
	GlobalSection(SolutionProperties) = preSolution
		HideSolutionNode = FALSE
	EndGlobalSection
	GlobalSection(ExtensibilityGlobals) = postSolution
		SolutionGuid = {048B757A-023C-468A-B7BA-8D9DAD19C8EF}
	EndGlobalSection
EndGlobal
